
Microsoft Visual Studio Solution File, Format Version 12.00
# Visual Studio Version 16
VisualStudioVersion = 16.0.29519.87
MinimumVisualStudioVersion = 10.0.40219.1
Project("{FAE04EC0-301F-11D3-BF4B-00C04F79EFBC}") = "WpfMtvUk", "WpfMtvUk\WpfMtvUk.csproj", "{C517C9DE-6DFF-4CB9-982B-11BEA6930600}"
EndProject
Global
	GlobalSection(SolutionConfigurationPlatforms) = preSolution
		Debug|Any CPU = Debug|Any CPU
		Release|Any CPU = Release|Any CPU
	EndGlobalSection
	GlobalSection(ProjectConfigurationPlatforms) = postSolution
		{C517C9DE-6DFF-4CB9-982B-11BEA6930600}.Debug|Any CPU.ActiveCfg = Debug|Any CPU
		{C517C9DE-6DFF-4CB9-982B-11BEA6930600}.Debug|Any CPU.Build.0 = Debug|Any CPU
		{C517C9DE-6DFF-4CB9-982B-11BEA6930600}.Release|Any CPU.ActiveCfg = Release|Any CPU
		{C517C9DE-6DFF-4CB9-982B-11BEA6930600}.Release|Any CPU.Build.0 = Release|Any CPU
	EndGlobalSection
	GlobalSection(SolutionProperties) = preSolution
		HideSolutionNode = FALSE
	EndGlobalSection
	GlobalSection(ExtensibilityGlobals) = postSolution
		SolutionGuid = {F2040956-10DB-4196-9476-E1EB3B5389FC}
	EndGlobalSection
EndGlobal
